
Microsoft Visual Studio Solution File, Format Version 12.00
# Visual Studio 2017
Project("{FAE04EC0-301F-11D3-BF4B-00C04F79EFBC}") = "Crowd Evacuation with Singleplayer and multiplayer.Plugins", "Crowd Evacuation with Singleplayer and multiplayer.Plugins.csproj", "{B6A13FEB-1B0B-5A3D-06AF-D0E161C25BCE}"
EndProject
Project("{FAE04EC0-301F-11D3-BF4B-00C04F79EFBC}") = "Crowd Evacuation with Singleplayer and multiplayer", "Crowd Evacuation with Singleplayer and multiplayer.csproj", "{D0D9D771-B721-A181-005B-B7EF84A1C857}"
EndProject
Project("{FAE04EC0-301F-11D3-BF4B-00C04F79EFBC}") = "Crowd Evacuation with Singleplayer and multiplayer.Editor.Plugins", "Crowd Evacuation with Singleplayer and multiplayer.Editor.Plugins.csproj", "{5B99AC4B-8E99-6074-9767-63C9AD684AD2}"
EndProject
Global
	GlobalSection(SolutionConfigurationPlatforms) = preSolution
		Debug|Any CPU = Debug|Any CPU
		Release|Any CPU = Release|Any CPU
	EndGlobalSection
	GlobalSection(ProjectConfigurationPlatforms) = postSolution
		{B6A13FEB-1B0B-5A3D-06AF-D0E161C25BCE}.Debug|Any CPU.ActiveCfg = Debug|Any CPU
		{B6A13FEB-1B0B-5A3D-06AF-D0E161C25BCE}.Debug|Any CPU.Build.0 = Debug|Any CPU
		{B6A13FEB-1B0B-5A3D-06AF-D0E161C25BCE}.Release|Any CPU.ActiveCfg = Release|Any CPU
		{B6A13FEB-1B0B-5A3D-06AF-D0E161C25BCE}.Release|Any CPU.Build.0 = Release|Any CPU
		{D0D9D771-B721-A181-005B-B7EF84A1C857}.Debug|Any CPU.ActiveCfg = Debug|Any CPU
		{D0D9D771-B721-A181-005B-B7EF84A1C857}.Debug|Any CPU.Build.0 = Debug|Any CPU
		{D0D9D771-B721-A181-005B-B7EF84A1C857}.Release|Any CPU.ActiveCfg = Release|Any CPU
		{D0D9D771-B721-A181-005B-B7EF84A1C857}.Release|Any CPU.Build.0 = Release|Any CPU
		{5B99AC4B-8E99-6074-9767-63C9AD684AD2}.Debug|Any CPU.ActiveCfg = Debug|Any CPU
		{5B99AC4B-8E99-6074-9767-63C9AD684AD2}.Debug|Any CPU.Build.0 = Debug|Any CPU
		{5B99AC4B-8E99-6074-9767-63C9AD684AD2}.Release|Any CPU.ActiveCfg = Release|Any CPU
		{5B99AC4B-8E99-6074-9767-63C9AD684AD2}.Release|Any CPU.Build.0 = Release|Any CPU
	EndGlobalSection
	GlobalSection(SolutionProperties) = preSolution
		HideSolutionNode = FALSE
	EndGlobalSection
EndGlobal
